
Microsoft Visual Studio Solution File, Format Version 12.00
# Visual Studio 15
VisualStudioVersion = 15.0.27703.2035
MinimumVisualStudioVersion = 10.0.40219.1
Project("{FAE04EC0-301F-11D3-BF4B-00C04F79EFBC}") = "UnitsApp", "UnitsApp\UnitsApp.csproj", "{B2293FAE-B279-49BA-9893-31A0340D6D70}"
EndProject
Global
	GlobalSection(SolutionConfigurationPlatforms) = preSolution
		Debug|Any CPU = Debug|Any CPU
		Release|Any CPU = Release|Any CPU
	EndGlobalSection
	GlobalSection(ProjectConfigurationPlatforms) = postSolution
		{B2293FAE-B279-49BA-9893-31A0340D6D70}.Debug|Any CPU.ActiveCfg = Debug|Any CPU
		{B2293FAE-B279-49BA-9893-31A0340D6D70}.Debug|Any CPU.Build.0 = Debug|Any CPU
		{B2293FAE-B279-49BA-9893-31A0340D6D70}.Release|Any CPU.ActiveCfg = Release|Any CPU
		{B2293FAE-B279-49BA-9893-31A0340D6D70}.Release|Any CPU.Build.0 = Release|Any CPU
	EndGlobalSection
	GlobalSection(SolutionProperties) = preSolution
		HideSolutionNode = FALSE
	EndGlobalSection
	GlobalSection(ExtensibilityGlobals) = postSolution
		SolutionGuid = {52A20822-7D23-4970-8D0E-7366239406CA}
	EndGlobalSection
EndGlobal
